{
  "nodes": {
    "nixpkgs": {
      "locked": {
        "lastModified": 1631206977,
        "narHash": "sha256-o3Dct9aJ5ht5UaTUBzXrRcK1RZt2eG5/xSlWJuUCVZM=",
        "owner": "NixOS",
        "repo": "nixpkgs",
        "rev": "4f6d8095fd51954120a1d08ea5896fe42dc3923b",
        "type": "github"
      },
      "original": {
        "owner": "NixOS",
        "ref": "nixos-unstable",
        "repo": "nixpkgs",
        "type": "github"
      }
    },
    "root": {
      "inputs": {
        "nixpkgs": "nixpkgs"
      }
    }
  },
  "root": "root",
  "version": 7
}
