{
  "nodes": {
    "nixpkgs": {
      "locked": {
        "lastModified": 1643347846,
        "narHash": "sha256-O0tyXF//ppRpe9yT1Uu5n34yI2MWDyY6ZiJ4Qn5zIkE=",
        "owner": "NixOS",
        "repo": "nixpkgs",
        "rev": "5bb20f9dc70e9ee16e21cc404b6508654931ce41",
        "type": "github"
      },
      "original": {
        "owner": "NixOS",
        "ref": "nixos-unstable",
        "repo": "nixpkgs",
        "type": "github"
      }
    },
    "root": {
      "inputs": {
        "nixpkgs": "nixpkgs"
      }
    }
  },
  "root": "root",
  "version": 7
}
